{
  "originHash" : "c1ef370fa3978ac5297f9201ad05ff8412a177e4049ed9f32f6820f1c14828e4",
  "pins" : [
    {
      "identity" : "dswaveformimage",
      "kind" : "remoteSourceControl",
      "location" : "https://github.com/dmrschmidt/DSWaveformImage.git",
      "state" : {
        "revision" : "00afb7930863b9cc3bd011389d601735e548093c",
        "version" : "14.5.0"
      }
    },
    {
      "identity" : "swift-timecode",
      "kind" : "remoteSourceControl",
      "location" : "https://github.com/orchetect/swift-timecode.git",
      "state" : {
        "revision" : "63a152cea4817e094a7be22e82414f60a77baae0",
        "version" : "3.1.4"
      }
    }
  ],
  "version" : 3
}
